
Microsoft Visual Studio Solution File, Format Version 12.00
# Visual Studio Version 16
VisualStudioVersion = 16.0.30225.117
MinimumVisualStudioVersion = 10.0.40219.1
Project("{FAE04EC0-301F-11D3-BF4B-00C04F79EFBC}") = "Lab4_5", "Lab4_5\Lab4_5.csproj", "{0B2EE771-9087-4D1E-A235-CCC609BA8ACD}"
EndProject
Global
	GlobalSection(SolutionConfigurationPlatforms) = preSolution
		Debug|Any CPU = Debug|Any CPU
		Release|Any CPU = Release|Any CPU
	EndGlobalSection
	GlobalSection(ProjectConfigurationPlatforms) = postSolution
		{0B2EE771-9087-4D1E-A235-CCC609BA8ACD}.Debug|Any CPU.ActiveCfg = Debug|Any CPU
		{0B2EE771-9087-4D1E-A235-CCC609BA8ACD}.Debug|Any CPU.Build.0 = Debug|Any CPU
		{0B2EE771-9087-4D1E-A235-CCC609BA8ACD}.Release|Any CPU.ActiveCfg = Release|Any CPU
		{0B2EE771-9087-4D1E-A235-CCC609BA8ACD}.Release|Any CPU.Build.0 = Release|Any CPU
	EndGlobalSection
	GlobalSection(SolutionProperties) = preSolution
		HideSolutionNode = FALSE
	EndGlobalSection
	GlobalSection(ExtensibilityGlobals) = postSolution
		SolutionGuid = {A4C1C9BD-7D86-4E54-B027-4C307DAA397B}
	EndGlobalSection
EndGlobal
