
Microsoft Visual Studio Solution File, Format Version 12.00
# Visual Studio Version 16
VisualStudioVersion = 16.0.30128.74
MinimumVisualStudioVersion = 10.0.40219.1
Project("{FAE04EC0-301F-11D3-BF4B-00C04F79EFBC}") = "Lab7_4", "Lab7_4\Lab7_4.csproj", "{575B823A-F5A1-45DB-80C7-965B4DEE8500}"
EndProject
Global
	GlobalSection(SolutionConfigurationPlatforms) = preSolution
		Debug|Any CPU = Debug|Any CPU
		Release|Any CPU = Release|Any CPU
	EndGlobalSection
	GlobalSection(ProjectConfigurationPlatforms) = postSolution
		{575B823A-F5A1-45DB-80C7-965B4DEE8500}.Debug|Any CPU.ActiveCfg = Debug|Any CPU
		{575B823A-F5A1-45DB-80C7-965B4DEE8500}.Debug|Any CPU.Build.0 = Debug|Any CPU
		{575B823A-F5A1-45DB-80C7-965B4DEE8500}.Release|Any CPU.ActiveCfg = Release|Any CPU
		{575B823A-F5A1-45DB-80C7-965B4DEE8500}.Release|Any CPU.Build.0 = Release|Any CPU
	EndGlobalSection
	GlobalSection(SolutionProperties) = preSolution
		HideSolutionNode = FALSE
	EndGlobalSection
	GlobalSection(ExtensibilityGlobals) = postSolution
		SolutionGuid = {963B8DF3-8B27-45FF-A186-D34BE3D18100}
	EndGlobalSection
EndGlobal
