
Microsoft Visual Studio Solution File, Format Version 12.00
# Visual Studio Version 16
VisualStudioVersion = 16.0.30128.74
MinimumVisualStudioVersion = 10.0.40219.1
Project("{FAE04EC0-301F-11D3-BF4B-00C04F79EFBC}") = "Lab 3-5 Braden", "Lab 3-5 Braden\Lab 3-5 Braden.csproj", "{9FE7B720-BD49-4972-8997-05A5E7391240}"
EndProject
Global
	GlobalSection(SolutionConfigurationPlatforms) = preSolution
		Debug|Any CPU = Debug|Any CPU
		Release|Any CPU = Release|Any CPU
	EndGlobalSection
	GlobalSection(ProjectConfigurationPlatforms) = postSolution
		{9FE7B720-BD49-4972-8997-05A5E7391240}.Debug|Any CPU.ActiveCfg = Debug|Any CPU
		{9FE7B720-BD49-4972-8997-05A5E7391240}.Debug|Any CPU.Build.0 = Debug|Any CPU
		{9FE7B720-BD49-4972-8997-05A5E7391240}.Release|Any CPU.ActiveCfg = Release|Any CPU
		{9FE7B720-BD49-4972-8997-05A5E7391240}.Release|Any CPU.Build.0 = Release|Any CPU
	EndGlobalSection
	GlobalSection(SolutionProperties) = preSolution
		HideSolutionNode = FALSE
	EndGlobalSection
	GlobalSection(ExtensibilityGlobals) = postSolution
		SolutionGuid = {C5ED511A-F571-43A7-8660-05FE87FCAD10}
	EndGlobalSection
EndGlobal
