
Microsoft Visual Studio Solution File, Format Version 12.00
# Visual Studio Version 16
VisualStudioVersion = 16.0.30225.117
MinimumVisualStudioVersion = 10.0.40219.1
Project("{FAE04EC0-301F-11D3-BF4B-00C04F79EFBC}") = "Lab4_4", "Lab4_4\Lab4_4.csproj", "{94A952B7-0819-4D0B-B006-696AA1204FDE}"
EndProject
Global
	GlobalSection(SolutionConfigurationPlatforms) = preSolution
		Debug|Any CPU = Debug|Any CPU
		Release|Any CPU = Release|Any CPU
	EndGlobalSection
	GlobalSection(ProjectConfigurationPlatforms) = postSolution
		{94A952B7-0819-4D0B-B006-696AA1204FDE}.Debug|Any CPU.ActiveCfg = Debug|Any CPU
		{94A952B7-0819-4D0B-B006-696AA1204FDE}.Debug|Any CPU.Build.0 = Debug|Any CPU
		{94A952B7-0819-4D0B-B006-696AA1204FDE}.Release|Any CPU.ActiveCfg = Release|Any CPU
		{94A952B7-0819-4D0B-B006-696AA1204FDE}.Release|Any CPU.Build.0 = Release|Any CPU
	EndGlobalSection
	GlobalSection(SolutionProperties) = preSolution
		HideSolutionNode = FALSE
	EndGlobalSection
	GlobalSection(ExtensibilityGlobals) = postSolution
		SolutionGuid = {AFCF8EC7-A698-4B7B-8903-1F9E01B4B0C2}
	EndGlobalSection
EndGlobal
